
Microsoft Visual Studio Solution File, Format Version 12.00
# Visual Studio Version 16
VisualStudioVersion = 16.0.28922.388
MinimumVisualStudioVersion = 10.0.40219.1
Project("{FAE04EC0-301F-11D3-BF4B-00C04F79EFBC}") = "Vistas", "Vista Usuario\Vistas.csproj", "{C2DBF16F-6FD3-4E87-B699-171218691CB9}"
EndProject
Project("{FAE04EC0-301F-11D3-BF4B-00C04F79EFBC}") = "AccesoDatos", "AccesoDatos\AccesoDatos.csproj", "{789C450A-D658-44DB-932C-7FD6815857EE}"
EndProject
Project("{FAE04EC0-301F-11D3-BF4B-00C04F79EFBC}") = "LogicaNegocios", "LogicaNegocios\LogicaNegocios.csproj", "{2BC045E8-2872-4C02-9C4E-69E9BF0FCA3E}"
EndProject
Project("{FAE04EC0-301F-11D3-BF4B-00C04F79EFBC}") = "Entidades", "Entidades\Entidades.csproj", "{94DEAA20-3655-481A-A808-2211D2C4175E}"
EndProject
Global
	GlobalSection(SolutionConfigurationPlatforms) = preSolution
		Debug|Any CPU = Debug|Any CPU
		Release|Any CPU = Release|Any CPU
	EndGlobalSection
	GlobalSection(ProjectConfigurationPlatforms) = postSolution
		{C2DBF16F-6FD3-4E87-B699-171218691CB9}.Debug|Any CPU.ActiveCfg = Debug|Any CPU
		{C2DBF16F-6FD3-4E87-B699-171218691CB9}.Debug|Any CPU.Build.0 = Debug|Any CPU
		{C2DBF16F-6FD3-4E87-B699-171218691CB9}.Release|Any CPU.ActiveCfg = Release|Any CPU
		{C2DBF16F-6FD3-4E87-B699-171218691CB9}.Release|Any CPU.Build.0 = Release|Any CPU
		{789C450A-D658-44DB-932C-7FD6815857EE}.Debug|Any CPU.ActiveCfg = Debug|Any CPU
		{789C450A-D658-44DB-932C-7FD6815857EE}.Debug|Any CPU.Build.0 = Debug|Any CPU
		{789C450A-D658-44DB-932C-7FD6815857EE}.Release|Any CPU.ActiveCfg = Release|Any CPU
		{789C450A-D658-44DB-932C-7FD6815857EE}.Release|Any CPU.Build.0 = Release|Any CPU
		{2BC045E8-2872-4C02-9C4E-69E9BF0FCA3E}.Debug|Any CPU.ActiveCfg = Debug|Any CPU
		{2BC045E8-2872-4C02-9C4E-69E9BF0FCA3E}.Debug|Any CPU.Build.0 = Debug|Any CPU
		{2BC045E8-2872-4C02-9C4E-69E9BF0FCA3E}.Release|Any CPU.ActiveCfg = Release|Any CPU
		{2BC045E8-2872-4C02-9C4E-69E9BF0FCA3E}.Release|Any CPU.Build.0 = Release|Any CPU
		{94DEAA20-3655-481A-A808-2211D2C4175E}.Debug|Any CPU.ActiveCfg = Debug|Any CPU
		{94DEAA20-3655-481A-A808-2211D2C4175E}.Debug|Any CPU.Build.0 = Debug|Any CPU
		{94DEAA20-3655-481A-A808-2211D2C4175E}.Release|Any CPU.ActiveCfg = Release|Any CPU
		{94DEAA20-3655-481A-A808-2211D2C4175E}.Release|Any CPU.Build.0 = Release|Any CPU
	EndGlobalSection
	GlobalSection(SolutionProperties) = preSolution
		HideSolutionNode = FALSE
	EndGlobalSection
	GlobalSection(ExtensibilityGlobals) = postSolution
		SolutionGuid = {13FD4999-F86B-41AC-AF2E-AE1407538A0F}
	EndGlobalSection
EndGlobal
